
Microsoft Visual Studio Solution File, Format Version 12.00
# Visual Studio 15
VisualStudioVersion = 15.0.27130.2024
MinimumVisualStudioVersion = 10.0.40219.1
Project("{FAE04EC0-301F-11D3-BF4B-00C04F79EFBC}") = "RD2Store.Domain", "RD2Store.Domain\RD2Store.Domain.csproj", "{A60E6525-A364-4D2A-AB6A-1897F18E517B}"
EndProject
Project("{FAE04EC0-301F-11D3-BF4B-00C04F79EFBC}") = "RD2Store.WebUI", "RD2Store.WebUI\RD2Store.WebUI.csproj", "{DAF67713-B340-4542-8C66-56C89439C742}"
EndProject
Global
	GlobalSection(SolutionConfigurationPlatforms) = preSolution
		Debug|Any CPU = Debug|Any CPU
		Release|Any CPU = Release|Any CPU
	EndGlobalSection
	GlobalSection(ProjectConfigurationPlatforms) = postSolution
		{A60E6525-A364-4D2A-AB6A-1897F18E517B}.Debug|Any CPU.ActiveCfg = Debug|Any CPU
		{A60E6525-A364-4D2A-AB6A-1897F18E517B}.Debug|Any CPU.Build.0 = Debug|Any CPU
		{A60E6525-A364-4D2A-AB6A-1897F18E517B}.Release|Any CPU.ActiveCfg = Release|Any CPU
		{A60E6525-A364-4D2A-AB6A-1897F18E517B}.Release|Any CPU.Build.0 = Release|Any CPU
		{DAF67713-B340-4542-8C66-56C89439C742}.Debug|Any CPU.ActiveCfg = Debug|Any CPU
		{DAF67713-B340-4542-8C66-56C89439C742}.Debug|Any CPU.Build.0 = Debug|Any CPU
		{DAF67713-B340-4542-8C66-56C89439C742}.Release|Any CPU.ActiveCfg = Release|Any CPU
		{DAF67713-B340-4542-8C66-56C89439C742}.Release|Any CPU.Build.0 = Release|Any CPU
	EndGlobalSection
	GlobalSection(SolutionProperties) = preSolution
		HideSolutionNode = FALSE
	EndGlobalSection
	GlobalSection(ExtensibilityGlobals) = postSolution
		SolutionGuid = {F1FD95D1-0039-4D49-9F7F-75B14AC34323}
	EndGlobalSection
EndGlobal
